github.com/aws/aws-cryptographic-material-providers-library/releases/go/smithy-dafny-standard-library v0.2.2 h1:k/OqY+NJcTlFByY1WcM6dF5ZC4kIZtZ8b3A9kRVAj8Y=
github.com/aws/aws-cryptographic-material-providers-library/releases/go/smithy-dafny-standard-library v0.2.2/go.mod h1:j4QF5oVY9L1yNZrzoDu3l3d8TRh53uBw3FLZCL7xCTk=
github.com/dafny-lang/DafnyRuntimeGo/v4 v4.10.1 h1:QyrSST4WJYQIXRSJNXFEwL1NIoA9bgirUHK8YwGoWkA=
github.com/dafny-lang/DafnyRuntimeGo/v4 v4.10.1/go.mod h1:l2Tm4N2DKuq3ljONC2vOATeM9PUpXbIc8SgXdwwqEto=
