github.com/dafny-lang/DafnyRuntimeGo/v4 v4.11.1 h1:tTQ9M9HCUaf2SXqutj2vmMqJKJpefWMSqx1niqTqi8M=
github.com/dafny-lang/DafnyRuntimeGo/v4 v4.11.1/go.mod h1:l2Tm4N2DKuq3ljONC2vOATeM9PUpXbIc8SgXdwwqEto=
github.com/google/uuid v1.6.0 h1:NIvaJDMOsjHA8n1jAhLSgzrAzy1Hgr+hNrb57e+94F0=
github.com/google/uuid v1.6.0/go.mod h1:TIyPZe4MgqvfeYDBFedMoGGpEw/LqOeaOT+nhxU+yHo=
