github.com/dafny-lang/DafnyRuntimeGo/v4 v4.11.2 h1:Q1BMAsz2goAaVznYICm2PRfjjFz5HM8ikOM6Jxqfd3M=
github.com/dafny-lang/DafnyRuntimeGo/v4 v4.11.2/go.mod h1:l2Tm4N2DKuq3ljONC2vOATeM9PUpXbIc8SgXdwwqEto=
github.com/google/uuid v1.6.0 h1:NIvaJDMOsjHA8n1jAhLSgzrAzy1Hgr+hNrb57e+94F0=
github.com/google/uuid v1.6.0/go.mod h1:TIyPZe4MgqvfeYDBFedMoGGpEw/LqOeaOT+nhxU+yHo=
golang.org/x/sys v0.36.0 h1:KVRy2GtZBrk1cBYA7MKu5bEZFxQk4NIDV6RLVcC8o0k=
golang.org/x/sys v0.36.0/go.mod h1:OgkHotnGiDImocRcuBABYBEXf8A9a87e/uXjp9XT3ks=
